
Microsoft Visual Studio Solution File, Format Version 12.00
# Visual Studio Version 17
VisualStudioVersion = 17.0.31903.59
MinimumVisualStudioVersion = 10.0.40219.1
Project("{2150E333-8FDC-42A3-9474-1A3956D46DE8}") = "src", "src", "{827E0CD3-B72D-47B6-A68D-7590B98EB39B}"
EndProject
Project("{FAE04EC0-301F-11D3-BF4B-00C04F79EFBC}") = "Demo.Api", "src\Demo.Api\Demo.Api.csproj", "{6D9D5415-0D33-4FA2-9E1A-C12602BB1692}"
EndProject
Project("{FAE04EC0-301F-11D3-BF4B-00C04F79EFBC}") = "Integration.Contracts", "src\Integration.Contracts\Integration.Contracts.csproj", "{5A795CFB-7F16-4B0F-9066-EE6F11CA68F1}"
EndProject
Project("{2150E333-8FDC-42A3-9474-1A3956D46DE8}") = "Identity", "Identity", "{65ABFB5D-2B10-DF64-BF12-C17976F8E5D9}"
EndProject
Project("{FAE04EC0-301F-11D3-BF4B-00C04F79EFBC}") = "Identity.Domain", "src\Identity\Identity.Domain\Identity.Domain.csproj", "{64E37504-BC05-44F2-BA9A-E2229A183F05}"
EndProject
Project("{FAE04EC0-301F-11D3-BF4B-00C04F79EFBC}") = "Identity.Application", "src\Identity\Identity.Application\Identity.Application.csproj", "{806DD2E8-E980-4D2E-89D4-0FCCE4FAACF6}"
EndProject
Project("{FAE04EC0-301F-11D3-BF4B-00C04F79EFBC}") = "Identity.Infrastructure", "src\Identity\Identity.Infrastructure\Identity.Infrastructure.csproj", "{A3B0A3F6-46F8-4D60-8C91-0765E5CE0288}"
EndProject
Project("{2150E333-8FDC-42A3-9474-1A3956D46DE8}") = "Menu", "Menu", "{97830625-7DCC-EE59-2FFC-AD1F0F41B8AB}"
EndProject
Project("{FAE04EC0-301F-11D3-BF4B-00C04F79EFBC}") = "Menu.Domain", "src\Menu\Menu.Domain\Menu.Domain.csproj", "{FDF9DF88-E4C1-4B64-A258-2F37D540E8A8}"
EndProject
Project("{FAE04EC0-301F-11D3-BF4B-00C04F79EFBC}") = "Menu.Application", "src\Menu\Menu.Application\Menu.Application.csproj", "{7136398D-FE75-4BEF-BAFC-9C7396A06EAF}"
EndProject
Project("{FAE04EC0-301F-11D3-BF4B-00C04F79EFBC}") = "Menu.Infrastructure", "src\Menu\Menu.Infrastructure\Menu.Infrastructure.csproj", "{46202D4D-F97C-4EB4-A4A7-9DEAD989AADD}"
EndProject
Project("{2150E333-8FDC-42A3-9474-1A3956D46DE8}") = "Orders", "Orders", "{45BE73D8-A922-BF65-E93E-EB66F4095ABC}"
EndProject
Project("{FAE04EC0-301F-11D3-BF4B-00C04F79EFBC}") = "Orders.Domain", "src\Orders\Orders.Domain\Orders.Domain.csproj", "{024E2BDE-2D97-4C78-AE5B-D6C2CD2BF1C8}"
EndProject
Project("{FAE04EC0-301F-11D3-BF4B-00C04F79EFBC}") = "Orders.Application", "src\Orders\Orders.Application\Orders.Application.csproj", "{99439BE6-C857-4A96-8ABF-BF5A91F43728}"
EndProject
Project("{FAE04EC0-301F-11D3-BF4B-00C04F79EFBC}") = "Orders.Infrastructure", "src\Orders\Orders.Infrastructure\Orders.Infrastructure.csproj", "{E0BB16EA-3DEA-4EE5-858D-AC2D1CDDDE20}"
EndProject
Project("{2150E333-8FDC-42A3-9474-1A3956D46DE8}") = "Payments", "Payments", "{FF0E3929-CBDF-D101-A636-4697F11DEC78}"
EndProject
Project("{FAE04EC0-301F-11D3-BF4B-00C04F79EFBC}") = "Payments.Domain", "src\Payments\Payments.Domain\Payments.Domain.csproj", "{F7E72F41-7685-4A6C-B715-326AA2FD4DBF}"
EndProject
Project("{FAE04EC0-301F-11D3-BF4B-00C04F79EFBC}") = "Payments.Application", "src\Payments\Payments.Application\Payments.Application.csproj", "{365CC6E3-F1AC-4A01-B072-CF1CA84FE34A}"
EndProject
Project("{FAE04EC0-301F-11D3-BF4B-00C04F79EFBC}") = "Payments.Infrastructure", "src\Payments\Payments.Infrastructure\Payments.Infrastructure.csproj", "{FDB16534-D4AE-47DC-84AC-F7298B6333E4}"
EndProject
Project("{2150E333-8FDC-42A3-9474-1A3956D46DE8}") = "Delivery", "Delivery", "{358900C1-F9F2-8F27-3088-E3D768979B57}"
EndProject
Project("{FAE04EC0-301F-11D3-BF4B-00C04F79EFBC}") = "Delivery.Domain", "src\Delivery\Delivery.Domain\Delivery.Domain.csproj", "{0148608A-8944-4F7C-8682-BA06626480D0}"
EndProject
Project("{FAE04EC0-301F-11D3-BF4B-00C04F79EFBC}") = "Delivery.Application", "src\Delivery\Delivery.Application\Delivery.Application.csproj", "{5EDFC958-3797-486B-A65F-AC312FB7E775}"
EndProject
Project("{FAE04EC0-301F-11D3-BF4B-00C04F79EFBC}") = "Delivery.Infrastructure", "src\Delivery\Delivery.Infrastructure\Delivery.Infrastructure.csproj", "{65C49EAD-BDC9-4370-BEE8-4E9915E1428E}"
EndProject
Project("{2150E333-8FDC-42A3-9474-1A3956D46DE8}") = "Notifications", "Notifications", "{A504C204-FD22-942F-D65C-55CCF1DF20A3}"
EndProject
Project("{FAE04EC0-301F-11D3-BF4B-00C04F79EFBC}") = "Notifications.Domain", "src\Notifications\Notifications.Domain\Notifications.Domain.csproj", "{05157FE7-ECE8-4AFB-A692-AF33CA0F8698}"
EndProject
Project("{FAE04EC0-301F-11D3-BF4B-00C04F79EFBC}") = "Notifications.Application", "src\Notifications\Notifications.Application\Notifications.Application.csproj", "{9F8021C5-286E-418A-B5B9-29E7FA85E58F}"
EndProject
Project("{FAE04EC0-301F-11D3-BF4B-00C04F79EFBC}") = "Notifications.Infrastructure", "src\Notifications\Notifications.Infrastructure\Notifications.Infrastructure.csproj", "{DA9B2A90-35C9-40EC-8124-23EB6C7D8021}"
EndProject
Project("{2150E333-8FDC-42A3-9474-1A3956D46DE8}") = "Analytics", "Analytics", "{E977BE3B-8388-8DF4-CE75-4B9DD4E5640D}"
EndProject
Project("{FAE04EC0-301F-11D3-BF4B-00C04F79EFBC}") = "Analytics.Domain", "src\Analytics\Analytics.Domain\Analytics.Domain.csproj", "{461D3AF6-C824-4243-8144-B097E3076D09}"
EndProject
Project("{FAE04EC0-301F-11D3-BF4B-00C04F79EFBC}") = "Analytics.Application", "src\Analytics\Analytics.Application\Analytics.Application.csproj", "{16C16BF3-D1CB-4034-B984-532319E6034B}"
EndProject
Project("{FAE04EC0-301F-11D3-BF4B-00C04F79EFBC}") = "Analytics.Infrastructure", "src\Analytics\Analytics.Infrastructure\Analytics.Infrastructure.csproj", "{97310F96-4E82-40CE-B50A-D3C55A3B5574}"
EndProject
Project("{FAE04EC0-301F-11D3-BF4B-00C04F79EFBC}") = "Orders.Api", "Orders.Api\Orders.Api.csproj", "{E9FB3515-A41E-4B60-B04B-C3D1D25AEE6C}"
EndProject
Global
	GlobalSection(SolutionConfigurationPlatforms) = preSolution
		Debug|Any CPU = Debug|Any CPU
		Debug|x64 = Debug|x64
		Debug|x86 = Debug|x86
		Release|Any CPU = Release|Any CPU
		Release|x64 = Release|x64
		Release|x86 = Release|x86
	EndGlobalSection
	GlobalSection(ProjectConfigurationPlatforms) = postSolution
		{6D9D5415-0D33-4FA2-9E1A-C12602BB1692}.Debug|Any CPU.ActiveCfg = Debug|Any CPU
		{6D9D5415-0D33-4FA2-9E1A-C12602BB1692}.Debug|Any CPU.Build.0 = Debug|Any CPU
		{6D9D5415-0D33-4FA2-9E1A-C12602BB1692}.Debug|x64.ActiveCfg = Debug|Any CPU
		{6D9D5415-0D33-4FA2-9E1A-C12602BB1692}.Debug|x64.Build.0 = Debug|Any CPU
		{6D9D5415-0D33-4FA2-9E1A-C12602BB1692}.Debug|x86.ActiveCfg = Debug|Any CPU
		{6D9D5415-0D33-4FA2-9E1A-C12602BB1692}.Debug|x86.Build.0 = Debug|Any CPU
		{6D9D5415-0D33-4FA2-9E1A-C12602BB1692}.Release|Any CPU.ActiveCfg = Release|Any CPU
		{6D9D5415-0D33-4FA2-9E1A-C12602BB1692}.Release|Any CPU.Build.0 = Release|Any CPU
		{6D9D5415-0D33-4FA2-9E1A-C12602BB1692}.Release|x64.ActiveCfg = Release|Any CPU
		{6D9D5415-0D33-4FA2-9E1A-C12602BB1692}.Release|x64.Build.0 = Release|Any CPU
		{6D9D5415-0D33-4FA2-9E1A-C12602BB1692}.Release|x86.ActiveCfg = Release|Any CPU
		{6D9D5415-0D33-4FA2-9E1A-C12602BB1692}.Release|x86.Build.0 = Release|Any CPU
		{5A795CFB-7F16-4B0F-9066-EE6F11CA68F1}.Debug|Any CPU.ActiveCfg = Debug|Any CPU
		{5A795CFB-7F16-4B0F-9066-EE6F11CA68F1}.Debug|Any CPU.Build.0 = Debug|Any CPU
		{5A795CFB-7F16-4B0F-9066-EE6F11CA68F1}.Debug|x64.ActiveCfg = Debug|Any CPU
		{5A795CFB-7F16-4B0F-9066-EE6F11CA68F1}.Debug|x64.Build.0 = Debug|Any CPU
		{5A795CFB-7F16-4B0F-9066-EE6F11CA68F1}.Debug|x86.ActiveCfg = Debug|Any CPU
		{5A795CFB-7F16-4B0F-9066-EE6F11CA68F1}.Debug|x86.Build.0 = Debug|Any CPU
		{5A795CFB-7F16-4B0F-9066-EE6F11CA68F1}.Release|Any CPU.ActiveCfg = Release|Any CPU
		{5A795CFB-7F16-4B0F-9066-EE6F11CA68F1}.Release|Any CPU.Build.0 = Release|Any CPU
		{5A795CFB-7F16-4B0F-9066-EE6F11CA68F1}.Release|x64.ActiveCfg = Release|Any CPU
		{5A795CFB-7F16-4B0F-9066-EE6F11CA68F1}.Release|x64.Build.0 = Release|Any CPU
		{5A795CFB-7F16-4B0F-9066-EE6F11CA68F1}.Release|x86.ActiveCfg = Release|Any CPU
		{5A795CFB-7F16-4B0F-9066-EE6F11CA68F1}.Release|x86.Build.0 = Release|Any CPU
		{64E37504-BC05-44F2-BA9A-E2229A183F05}.Debug|Any CPU.ActiveCfg = Debug|Any CPU
		{64E37504-BC05-44F2-BA9A-E2229A183F05}.Debug|Any CPU.Build.0 = Debug|Any CPU
		{64E37504-BC05-44F2-BA9A-E2229A183F05}.Debug|x64.ActiveCfg = Debug|Any CPU
		{64E37504-BC05-44F2-BA9A-E2229A183F05}.Debug|x64.Build.0 = Debug|Any CPU
		{64E37504-BC05-44F2-BA9A-E2229A183F05}.Debug|x86.ActiveCfg = Debug|Any CPU
		{64E37504-BC05-44F2-BA9A-E2229A183F05}.Debug|x86.Build.0 = Debug|Any CPU
		{64E37504-BC05-44F2-BA9A-E2229A183F05}.Release|Any CPU.ActiveCfg = Release|Any CPU
		{64E37504-BC05-44F2-BA9A-E2229A183F05}.Release|Any CPU.Build.0 = Release|Any CPU
		{64E37504-BC05-44F2-BA9A-E2229A183F05}.Release|x64.ActiveCfg = Release|Any CPU
		{64E37504-BC05-44F2-BA9A-E2229A183F05}.Release|x64.Build.0 = Release|Any CPU
		{64E37504-BC05-44F2-BA9A-E2229A183F05}.Release|x86.ActiveCfg = Release|Any CPU
		{64E37504-BC05-44F2-BA9A-E2229A183F05}.Release|x86.Build.0 = Release|Any CPU
		{806DD2E8-E980-4D2E-89D4-0FCCE4FAACF6}.Debug|Any CPU.ActiveCfg = Debug|Any CPU
		{806DD2E8-E980-4D2E-89D4-0FCCE4FAACF6}.Debug|Any CPU.Build.0 = Debug|Any CPU
		{806DD2E8-E980-4D2E-89D4-0FCCE4FAACF6}.Debug|x64.ActiveCfg = Debug|Any CPU
		{806DD2E8-E980-4D2E-89D4-0FCCE4FAACF6}.Debug|x64.Build.0 = Debug|Any CPU
		{806DD2E8-E980-4D2E-89D4-0FCCE4FAACF6}.Debug|x86.ActiveCfg = Debug|Any CPU
		{806DD2E8-E980-4D2E-89D4-0FCCE4FAACF6}.Debug|x86.Build.0 = Debug|Any CPU
		{806DD2E8-E980-4D2E-89D4-0FCCE4FAACF6}.Release|Any CPU.ActiveCfg = Release|Any CPU
		{806DD2E8-E980-4D2E-89D4-0FCCE4FAACF6}.Release|Any CPU.Build.0 = Release|Any CPU
		{806DD2E8-E980-4D2E-89D4-0FCCE4FAACF6}.Release|x64.ActiveCfg = Release|Any CPU
		{806DD2E8-E980-4D2E-89D4-0FCCE4FAACF6}.Release|x64.Build.0 = Release|Any CPU
		{806DD2E8-E980-4D2E-89D4-0FCCE4FAACF6}.Release|x86.ActiveCfg = Release|Any CPU
		{806DD2E8-E980-4D2E-89D4-0FCCE4FAACF6}.Release|x86.Build.0 = Release|Any CPU
		{A3B0A3F6-46F8-4D60-8C91-0765E5CE0288}.Debug|Any CPU.ActiveCfg = Debug|Any CPU
		{A3B0A3F6-46F8-4D60-8C91-0765E5CE0288}.Debug|Any CPU.Build.0 = Debug|Any CPU
		{A3B0A3F6-46F8-4D60-8C91-0765E5CE0288}.Debug|x64.ActiveCfg = Debug|Any CPU
		{A3B0A3F6-46F8-4D60-8C91-0765E5CE0288}.Debug|x64.Build.0 = Debug|Any CPU
		{A3B0A3F6-46F8-4D60-8C91-0765E5CE0288}.Debug|x86.ActiveCfg = Debug|Any CPU
		{A3B0A3F6-46F8-4D60-8C91-0765E5CE0288}.Debug|x86.Build.0 = Debug|Any CPU
		{A3B0A3F6-46F8-4D60-8C91-0765E5CE0288}.Release|Any CPU.ActiveCfg = Release|Any CPU
		{A3B0A3F6-46F8-4D60-8C91-0765E5CE0288}.Release|Any CPU.Build.0 = Release|Any CPU
		{A3B0A3F6-46F8-4D60-8C91-0765E5CE0288}.Release|x64.ActiveCfg = Release|Any CPU
		{A3B0A3F6-46F8-4D60-8C91-0765E5CE0288}.Release|x64.Build.0 = Release|Any CPU
		{A3B0A3F6-46F8-4D60-8C91-0765E5CE0288}.Release|x86.ActiveCfg = Release|Any CPU
		{A3B0A3F6-46F8-4D60-8C91-0765E5CE0288}.Release|x86.Build.0 = Release|Any CPU
		{FDF9DF88-E4C1-4B64-A258-2F37D540E8A8}.Debug|Any CPU.ActiveCfg = Debug|Any CPU
		{FDF9DF88-E4C1-4B64-A258-2F37D540E8A8}.Debug|Any CPU.Build.0 = Debug|Any CPU
		{FDF9DF88-E4C1-4B64-A258-2F37D540E8A8}.Debug|x64.ActiveCfg = Debug|Any CPU
		{FDF9DF88-E4C1-4B64-A258-2F37D540E8A8}.Debug|x64.Build.0 = Debug|Any CPU
		{FDF9DF88-E4C1-4B64-A258-2F37D540E8A8}.Debug|x86.ActiveCfg = Debug|Any CPU
		{FDF9DF88-E4C1-4B64-A258-2F37D540E8A8}.Debug|x86.Build.0 = Debug|Any CPU
		{FDF9DF88-E4C1-4B64-A258-2F37D540E8A8}.Release|Any CPU.ActiveCfg = Release|Any CPU
		{FDF9DF88-E4C1-4B64-A258-2F37D540E8A8}.Release|Any CPU.Build.0 = Release|Any CPU
		{FDF9DF88-E4C1-4B64-A258-2F37D540E8A8}.Release|x64.ActiveCfg = Release|Any CPU
		{FDF9DF88-E4C1-4B64-A258-2F37D540E8A8}.Release|x64.Build.0 = Release|Any CPU
		{FDF9DF88-E4C1-4B64-A258-2F37D540E8A8}.Release|x86.ActiveCfg = Release|Any CPU
		{FDF9DF88-E4C1-4B64-A258-2F37D540E8A8}.Release|x86.Build.0 = Release|Any CPU
		{7136398D-FE75-4BEF-BAFC-9C7396A06EAF}.Debug|Any CPU.ActiveCfg = Debug|Any CPU
		{7136398D-FE75-4BEF-BAFC-9C7396A06EAF}.Debug|Any CPU.Build.0 = Debug|Any CPU
		{7136398D-FE75-4BEF-BAFC-9C7396A06EAF}.Debug|x64.ActiveCfg = Debug|Any CPU
		{7136398D-FE75-4BEF-BAFC-9C7396A06EAF}.Debug|x64.Build.0 = Debug|Any CPU
		{7136398D-FE75-4BEF-BAFC-9C7396A06EAF}.Debug|x86.ActiveCfg = Debug|Any CPU
		{7136398D-FE75-4BEF-BAFC-9C7396A06EAF}.Debug|x86.Build.0 = Debug|Any CPU
		{7136398D-FE75-4BEF-BAFC-9C7396A06EAF}.Release|Any CPU.ActiveCfg = Release|Any CPU
		{7136398D-FE75-4BEF-BAFC-9C7396A06EAF}.Release|Any CPU.Build.0 = Release|Any CPU
		{7136398D-FE75-4BEF-BAFC-9C7396A06EAF}.Release|x64.ActiveCfg = Release|Any CPU
		{7136398D-FE75-4BEF-BAFC-9C7396A06EAF}.Release|x64.Build.0 = Release|Any CPU
		{7136398D-FE75-4BEF-BAFC-9C7396A06EAF}.Release|x86.ActiveCfg = Release|Any CPU
		{7136398D-FE75-4BEF-BAFC-9C7396A06EAF}.Release|x86.Build.0 = Release|Any CPU
		{46202D4D-F97C-4EB4-A4A7-9DEAD989AADD}.Debug|Any CPU.ActiveCfg = Debug|Any CPU
		{46202D4D-F97C-4EB4-A4A7-9DEAD989AADD}.Debug|Any CPU.Build.0 = Debug|Any CPU
		{46202D4D-F97C-4EB4-A4A7-9DEAD989AADD}.Debug|x64.ActiveCfg = Debug|Any CPU
		{46202D4D-F97C-4EB4-A4A7-9DEAD989AADD}.Debug|x64.Build.0 = Debug|Any CPU
		{46202D4D-F97C-4EB4-A4A7-9DEAD989AADD}.Debug|x86.ActiveCfg = Debug|Any CPU
		{46202D4D-F97C-4EB4-A4A7-9DEAD989AADD}.Debug|x86.Build.0 = Debug|Any CPU
		{46202D4D-F97C-4EB4-A4A7-9DEAD989AADD}.Release|Any CPU.ActiveCfg = Release|Any CPU
		{46202D4D-F97C-4EB4-A4A7-9DEAD989AADD}.Release|Any CPU.Build.0 = Release|Any CPU
		{46202D4D-F97C-4EB4-A4A7-9DEAD989AADD}.Release|x64.ActiveCfg = Release|Any CPU
		{46202D4D-F97C-4EB4-A4A7-9DEAD989AADD}.Release|x64.Build.0 = Release|Any CPU
		{46202D4D-F97C-4EB4-A4A7-9DEAD989AADD}.Release|x86.ActiveCfg = Release|Any CPU
		{46202D4D-F97C-4EB4-A4A7-9DEAD989AADD}.Release|x86.Build.0 = Release|Any CPU
		{024E2BDE-2D97-4C78-AE5B-D6C2CD2BF1C8}.Debug|Any CPU.ActiveCfg = Debug|Any CPU
		{024E2BDE-2D97-4C78-AE5B-D6C2CD2BF1C8}.Debug|Any CPU.Build.0 = Debug|Any CPU
		{024E2BDE-2D97-4C78-AE5B-D6C2CD2BF1C8}.Debug|x64.ActiveCfg = Debug|Any CPU
		{024E2BDE-2D97-4C78-AE5B-D6C2CD2BF1C8}.Debug|x64.Build.0 = Debug|Any CPU
		{024E2BDE-2D97-4C78-AE5B-D6C2CD2BF1C8}.Debug|x86.ActiveCfg = Debug|Any CPU
		{024E2BDE-2D97-4C78-AE5B-D6C2CD2BF1C8}.Debug|x86.Build.0 = Debug|Any CPU
		{024E2BDE-2D97-4C78-AE5B-D6C2CD2BF1C8}.Release|Any CPU.ActiveCfg = Release|Any CPU
		{024E2BDE-2D97-4C78-AE5B-D6C2CD2BF1C8}.Release|Any CPU.Build.0 = Release|Any CPU
		{024E2BDE-2D97-4C78-AE5B-D6C2CD2BF1C8}.Release|x64.ActiveCfg = Release|Any CPU
		{024E2BDE-2D97-4C78-AE5B-D6C2CD2BF1C8}.Release|x64.Build.0 = Release|Any CPU
		{024E2BDE-2D97-4C78-AE5B-D6C2CD2BF1C8}.Release|x86.ActiveCfg = Release|Any CPU
		{024E2BDE-2D97-4C78-AE5B-D6C2CD2BF1C8}.Release|x86.Build.0 = Release|Any CPU
		{99439BE6-C857-4A96-8ABF-BF5A91F43728}.Debug|Any CPU.ActiveCfg = Debug|Any CPU
		{99439BE6-C857-4A96-8ABF-BF5A91F43728}.Debug|Any CPU.Build.0 = Debug|Any CPU
		{99439BE6-C857-4A96-8ABF-BF5A91F43728}.Debug|x64.ActiveCfg = Debug|Any CPU
		{99439BE6-C857-4A96-8ABF-BF5A91F43728}.Debug|x64.Build.0 = Debug|Any CPU
		{99439BE6-C857-4A96-8ABF-BF5A91F43728}.Debug|x86.ActiveCfg = Debug|Any CPU
		{99439BE6-C857-4A96-8ABF-BF5A91F43728}.Debug|x86.Build.0 = Debug|Any CPU
		{99439BE6-C857-4A96-8ABF-BF5A91F43728}.Release|Any CPU.ActiveCfg = Release|Any CPU
		{99439BE6-C857-4A96-8ABF-BF5A91F43728}.Release|Any CPU.Build.0 = Release|Any CPU
		{99439BE6-C857-4A96-8ABF-BF5A91F43728}.Release|x64.ActiveCfg = Release|Any CPU
		{99439BE6-C857-4A96-8ABF-BF5A91F43728}.Release|x64.Build.0 = Release|Any CPU
		{99439BE6-C857-4A96-8ABF-BF5A91F43728}.Release|x86.ActiveCfg = Release|Any CPU
		{99439BE6-C857-4A96-8ABF-BF5A91F43728}.Release|x86.Build.0 = Release|Any CPU
		{E0BB16EA-3DEA-4EE5-858D-AC2D1CDDDE20}.Debug|Any CPU.ActiveCfg = Debug|Any CPU
		{E0BB16EA-3DEA-4EE5-858D-AC2D1CDDDE20}.Debug|Any CPU.Build.0 = Debug|Any CPU
		{E0BB16EA-3DEA-4EE5-858D-AC2D1CDDDE20}.Debug|x64.ActiveCfg = Debug|Any CPU
		{E0BB16EA-3DEA-4EE5-858D-AC2D1CDDDE20}.Debug|x64.Build.0 = Debug|Any CPU
		{E0BB16EA-3DEA-4EE5-858D-AC2D1CDDDE20}.Debug|x86.ActiveCfg = Debug|Any CPU
		{E0BB16EA-3DEA-4EE5-858D-AC2D1CDDDE20}.Debug|x86.Build.0 = Debug|Any CPU
		{E0BB16EA-3DEA-4EE5-858D-AC2D1CDDDE20}.Release|Any CPU.ActiveCfg = Release|Any CPU
		{E0BB16EA-3DEA-4EE5-858D-AC2D1CDDDE20}.Release|Any CPU.Build.0 = Release|Any CPU
		{E0BB16EA-3DEA-4EE5-858D-AC2D1CDDDE20}.Release|x64.ActiveCfg = Release|Any CPU
		{E0BB16EA-3DEA-4EE5-858D-AC2D1CDDDE20}.Release|x64.Build.0 = Release|Any CPU
		{E0BB16EA-3DEA-4EE5-858D-AC2D1CDDDE20}.Release|x86.ActiveCfg = Release|Any CPU
		{E0BB16EA-3DEA-4EE5-858D-AC2D1CDDDE20}.Release|x86.Build.0 = Release|Any CPU
		{F7E72F41-7685-4A6C-B715-326AA2FD4DBF}.Debug|Any CPU.ActiveCfg = Debug|Any CPU
		{F7E72F41-7685-4A6C-B715-326AA2FD4DBF}.Debug|Any CPU.Build.0 = Debug|Any CPU
		{F7E72F41-7685-4A6C-B715-326AA2FD4DBF}.Debug|x64.ActiveCfg = Debug|Any CPU
		{F7E72F41-7685-4A6C-B715-326AA2FD4DBF}.Debug|x64.Build.0 = Debug|Any CPU
		{F7E72F41-7685-4A6C-B715-326AA2FD4DBF}.Debug|x86.ActiveCfg = Debug|Any CPU
		{F7E72F41-7685-4A6C-B715-326AA2FD4DBF}.Debug|x86.Build.0 = Debug|Any CPU
		{F7E72F41-7685-4A6C-B715-326AA2FD4DBF}.Release|Any CPU.ActiveCfg = Release|Any CPU
		{F7E72F41-7685-4A6C-B715-326AA2FD4DBF}.Release|Any CPU.Build.0 = Release|Any CPU
		{F7E72F41-7685-4A6C-B715-326AA2FD4DBF}.Release|x64.ActiveCfg = Release|Any CPU
		{F7E72F41-7685-4A6C-B715-326AA2FD4DBF}.Release|x64.Build.0 = Release|Any CPU
		{F7E72F41-7685-4A6C-B715-326AA2FD4DBF}.Release|x86.ActiveCfg = Release|Any CPU
		{F7E72F41-7685-4A6C-B715-326AA2FD4DBF}.Release|x86.Build.0 = Release|Any CPU
		{365CC6E3-F1AC-4A01-B072-CF1CA84FE34A}.Debug|Any CPU.ActiveCfg = Debug|Any CPU
		{365CC6E3-F1AC-4A01-B072-CF1CA84FE34A}.Debug|Any CPU.Build.0 = Debug|Any CPU
		{365CC6E3-F1AC-4A01-B072-CF1CA84FE34A}.Debug|x64.ActiveCfg = Debug|Any CPU
		{365CC6E3-F1AC-4A01-B072-CF1CA84FE34A}.Debug|x64.Build.0 = Debug|Any CPU
		{365CC6E3-F1AC-4A01-B072-CF1CA84FE34A}.Debug|x86.ActiveCfg = Debug|Any CPU
		{365CC6E3-F1AC-4A01-B072-CF1CA84FE34A}.Debug|x86.Build.0 = Debug|Any CPU
		{365CC6E3-F1AC-4A01-B072-CF1CA84FE34A}.Release|Any CPU.ActiveCfg = Release|Any CPU
		{365CC6E3-F1AC-4A01-B072-CF1CA84FE34A}.Release|Any CPU.Build.0 = Release|Any CPU
		{365CC6E3-F1AC-4A01-B072-CF1CA84FE34A}.Release|x64.ActiveCfg = Release|Any CPU
		{365CC6E3-F1AC-4A01-B072-CF1CA84FE34A}.Release|x64.Build.0 = Release|Any CPU
		{365CC6E3-F1AC-4A01-B072-CF1CA84FE34A}.Release|x86.ActiveCfg = Release|Any CPU
		{365CC6E3-F1AC-4A01-B072-CF1CA84FE34A}.Release|x86.Build.0 = Release|Any CPU
		{FDB16534-D4AE-47DC-84AC-F7298B6333E4}.Debug|Any CPU.ActiveCfg = Debug|Any CPU
		{FDB16534-D4AE-47DC-84AC-F7298B6333E4}.Debug|Any CPU.Build.0 = Debug|Any CPU
		{FDB16534-D4AE-47DC-84AC-F7298B6333E4}.Debug|x64.ActiveCfg = Debug|Any CPU
		{FDB16534-D4AE-47DC-84AC-F7298B6333E4}.Debug|x64.Build.0 = Debug|Any CPU
		{FDB16534-D4AE-47DC-84AC-F7298B6333E4}.Debug|x86.ActiveCfg = Debug|Any CPU
		{FDB16534-D4AE-47DC-84AC-F7298B6333E4}.Debug|x86.Build.0 = Debug|Any CPU
		{FDB16534-D4AE-47DC-84AC-F7298B6333E4}.Release|Any CPU.ActiveCfg = Release|Any CPU
		{FDB16534-D4AE-47DC-84AC-F7298B6333E4}.Release|Any CPU.Build.0 = Release|Any CPU
		{FDB16534-D4AE-47DC-84AC-F7298B6333E4}.Release|x64.ActiveCfg = Release|Any CPU
		{FDB16534-D4AE-47DC-84AC-F7298B6333E4}.Release|x64.Build.0 = Release|Any CPU
		{FDB16534-D4AE-47DC-84AC-F7298B6333E4}.Release|x86.ActiveCfg = Release|Any CPU
		{FDB16534-D4AE-47DC-84AC-F7298B6333E4}.Release|x86.Build.0 = Release|Any CPU
		{0148608A-8944-4F7C-8682-BA06626480D0}.Debug|Any CPU.ActiveCfg = Debug|Any CPU
		{0148608A-8944-4F7C-8682-BA06626480D0}.Debug|Any CPU.Build.0 = Debug|Any CPU
		{0148608A-8944-4F7C-8682-BA06626480D0}.Debug|x64.ActiveCfg = Debug|Any CPU
		{0148608A-8944-4F7C-8682-BA06626480D0}.Debug|x64.Build.0 = Debug|Any CPU
		{0148608A-8944-4F7C-8682-BA06626480D0}.Debug|x86.ActiveCfg = Debug|Any CPU
		{0148608A-8944-4F7C-8682-BA06626480D0}.Debug|x86.Build.0 = Debug|Any CPU
		{0148608A-8944-4F7C-8682-BA06626480D0}.Release|Any CPU.ActiveCfg = Release|Any CPU
		{0148608A-8944-4F7C-8682-BA06626480D0}.Release|Any CPU.Build.0 = Release|Any CPU
		{0148608A-8944-4F7C-8682-BA06626480D0}.Release|x64.ActiveCfg = Release|Any CPU
		{0148608A-8944-4F7C-8682-BA06626480D0}.Release|x64.Build.0 = Release|Any CPU
		{0148608A-8944-4F7C-8682-BA06626480D0}.Release|x86.ActiveCfg = Release|Any CPU
		{0148608A-8944-4F7C-8682-BA06626480D0}.Release|x86.Build.0 = Release|Any CPU
		{5EDFC958-3797-486B-A65F-AC312FB7E775}.Debug|Any CPU.ActiveCfg = Debug|Any CPU
		{5EDFC958-3797-486B-A65F-AC312FB7E775}.Debug|Any CPU.Build.0 = Debug|Any CPU
		{5EDFC958-3797-486B-A65F-AC312FB7E775}.Debug|x64.ActiveCfg = Debug|Any CPU
		{5EDFC958-3797-486B-A65F-AC312FB7E775}.Debug|x64.Build.0 = Debug|Any CPU
		{5EDFC958-3797-486B-A65F-AC312FB7E775}.Debug|x86.ActiveCfg = Debug|Any CPU
		{5EDFC958-3797-486B-A65F-AC312FB7E775}.Debug|x86.Build.0 = Debug|Any CPU
		{5EDFC958-3797-486B-A65F-AC312FB7E775}.Release|Any CPU.ActiveCfg = Release|Any CPU
		{5EDFC958-3797-486B-A65F-AC312FB7E775}.Release|Any CPU.Build.0 = Release|Any CPU
		{5EDFC958-3797-486B-A65F-AC312FB7E775}.Release|x64.ActiveCfg = Release|Any CPU
		{5EDFC958-3797-486B-A65F-AC312FB7E775}.Release|x64.Build.0 = Release|Any CPU
		{5EDFC958-3797-486B-A65F-AC312FB7E775}.Release|x86.ActiveCfg = Release|Any CPU
		{5EDFC958-3797-486B-A65F-AC312FB7E775}.Release|x86.Build.0 = Release|Any CPU
		{65C49EAD-BDC9-4370-BEE8-4E9915E1428E}.Debug|Any CPU.ActiveCfg = Debug|Any CPU
		{65C49EAD-BDC9-4370-BEE8-4E9915E1428E}.Debug|Any CPU.Build.0 = Debug|Any CPU
		{65C49EAD-BDC9-4370-BEE8-4E9915E1428E}.Debug|x64.ActiveCfg = Debug|Any CPU
		{65C49EAD-BDC9-4370-BEE8-4E9915E1428E}.Debug|x64.Build.0 = Debug|Any CPU
		{65C49EAD-BDC9-4370-BEE8-4E9915E1428E}.Debug|x86.ActiveCfg = Debug|Any CPU
		{65C49EAD-BDC9-4370-BEE8-4E9915E1428E}.Debug|x86.Build.0 = Debug|Any CPU
		{65C49EAD-BDC9-4370-BEE8-4E9915E1428E}.Release|Any CPU.ActiveCfg = Release|Any CPU
		{65C49EAD-BDC9-4370-BEE8-4E9915E1428E}.Release|Any CPU.Build.0 = Release|Any CPU
		{65C49EAD-BDC9-4370-BEE8-4E9915E1428E}.Release|x64.ActiveCfg = Release|Any CPU
		{65C49EAD-BDC9-4370-BEE8-4E9915E1428E}.Release|x64.Build.0 = Release|Any CPU
		{65C49EAD-BDC9-4370-BEE8-4E9915E1428E}.Release|x86.ActiveCfg = Release|Any CPU
		{65C49EAD-BDC9-4370-BEE8-4E9915E1428E}.Release|x86.Build.0 = Release|Any CPU
		{05157FE7-ECE8-4AFB-A692-AF33CA0F8698}.Debug|Any CPU.ActiveCfg = Debug|Any CPU
		{05157FE7-ECE8-4AFB-A692-AF33CA0F8698}.Debug|Any CPU.Build.0 = Debug|Any CPU
		{05157FE7-ECE8-4AFB-A692-AF33CA0F8698}.Debug|x64.ActiveCfg = Debug|Any CPU
		{05157FE7-ECE8-4AFB-A692-AF33CA0F8698}.Debug|x64.Build.0 = Debug|Any CPU
		{05157FE7-ECE8-4AFB-A692-AF33CA0F8698}.Debug|x86.ActiveCfg = Debug|Any CPU
		{05157FE7-ECE8-4AFB-A692-AF33CA0F8698}.Debug|x86.Build.0 = Debug|Any CPU
		{05157FE7-ECE8-4AFB-A692-AF33CA0F8698}.Release|Any CPU.ActiveCfg = Release|Any CPU
		{05157FE7-ECE8-4AFB-A692-AF33CA0F8698}.Release|Any CPU.Build.0 = Release|Any CPU
		{05157FE7-ECE8-4AFB-A692-AF33CA0F8698}.Release|x64.ActiveCfg = Release|Any CPU
		{05157FE7-ECE8-4AFB-A692-AF33CA0F8698}.Release|x64.Build.0 = Release|Any CPU
		{05157FE7-ECE8-4AFB-A692-AF33CA0F8698}.Release|x86.ActiveCfg = Release|Any CPU
		{05157FE7-ECE8-4AFB-A692-AF33CA0F8698}.Release|x86.Build.0 = Release|Any CPU
		{9F8021C5-286E-418A-B5B9-29E7FA85E58F}.Debug|Any CPU.ActiveCfg = Debug|Any CPU
		{9F8021C5-286E-418A-B5B9-29E7FA85E58F}.Debug|Any CPU.Build.0 = Debug|Any CPU
		{9F8021C5-286E-418A-B5B9-29E7FA85E58F}.Debug|x64.ActiveCfg = Debug|Any CPU
		{9F8021C5-286E-418A-B5B9-29E7FA85E58F}.Debug|x64.Build.0 = Debug|Any CPU
		{9F8021C5-286E-418A-B5B9-29E7FA85E58F}.Debug|x86.ActiveCfg = Debug|Any CPU
		{9F8021C5-286E-418A-B5B9-29E7FA85E58F}.Debug|x86.Build.0 = Debug|Any CPU
		{9F8021C5-286E-418A-B5B9-29E7FA85E58F}.Release|Any CPU.ActiveCfg = Release|Any CPU
		{9F8021C5-286E-418A-B5B9-29E7FA85E58F}.Release|Any CPU.Build.0 = Release|Any CPU
		{9F8021C5-286E-418A-B5B9-29E7FA85E58F}.Release|x64.ActiveCfg = Release|Any CPU
		{9F8021C5-286E-418A-B5B9-29E7FA85E58F}.Release|x64.Build.0 = Release|Any CPU
		{9F8021C5-286E-418A-B5B9-29E7FA85E58F}.Release|x86.ActiveCfg = Release|Any CPU
		{9F8021C5-286E-418A-B5B9-29E7FA85E58F}.Release|x86.Build.0 = Release|Any CPU
		{DA9B2A90-35C9-40EC-8124-23EB6C7D8021}.Debug|Any CPU.ActiveCfg = Debug|Any CPU
		{DA9B2A90-35C9-40EC-8124-23EB6C7D8021}.Debug|Any CPU.Build.0 = Debug|Any CPU
		{DA9B2A90-35C9-40EC-8124-23EB6C7D8021}.Debug|x64.ActiveCfg = Debug|Any CPU
		{DA9B2A90-35C9-40EC-8124-23EB6C7D8021}.Debug|x64.Build.0 = Debug|Any CPU
		{DA9B2A90-35C9-40EC-8124-23EB6C7D8021}.Debug|x86.ActiveCfg = Debug|Any CPU
		{DA9B2A90-35C9-40EC-8124-23EB6C7D8021}.Debug|x86.Build.0 = Debug|Any CPU
		{DA9B2A90-35C9-40EC-8124-23EB6C7D8021}.Release|Any CPU.ActiveCfg = Release|Any CPU
		{DA9B2A90-35C9-40EC-8124-23EB6C7D8021}.Release|Any CPU.Build.0 = Release|Any CPU
		{DA9B2A90-35C9-40EC-8124-23EB6C7D8021}.Release|x64.ActiveCfg = Release|Any CPU
		{DA9B2A90-35C9-40EC-8124-23EB6C7D8021}.Release|x64.Build.0 = Release|Any CPU
		{DA9B2A90-35C9-40EC-8124-23EB6C7D8021}.Release|x86.ActiveCfg = Release|Any CPU
		{DA9B2A90-35C9-40EC-8124-23EB6C7D8021}.Release|x86.Build.0 = Release|Any CPU
		{461D3AF6-C824-4243-8144-B097E3076D09}.Debug|Any CPU.ActiveCfg = Debug|Any CPU
		{461D3AF6-C824-4243-8144-B097E3076D09}.Debug|Any CPU.Build.0 = Debug|Any CPU
		{461D3AF6-C824-4243-8144-B097E3076D09}.Debug|x64.ActiveCfg = Debug|Any CPU
		{461D3AF6-C824-4243-8144-B097E3076D09}.Debug|x64.Build.0 = Debug|Any CPU
		{461D3AF6-C824-4243-8144-B097E3076D09}.Debug|x86.ActiveCfg = Debug|Any CPU
		{461D3AF6-C824-4243-8144-B097E3076D09}.Debug|x86.Build.0 = Debug|Any CPU
		{461D3AF6-C824-4243-8144-B097E3076D09}.Release|Any CPU.ActiveCfg = Release|Any CPU
		{461D3AF6-C824-4243-8144-B097E3076D09}.Release|Any CPU.Build.0 = Release|Any CPU
		{461D3AF6-C824-4243-8144-B097E3076D09}.Release|x64.ActiveCfg = Release|Any CPU
		{461D3AF6-C824-4243-8144-B097E3076D09}.Release|x64.Build.0 = Release|Any CPU
		{461D3AF6-C824-4243-8144-B097E3076D09}.Release|x86.ActiveCfg = Release|Any CPU
		{461D3AF6-C824-4243-8144-B097E3076D09}.Release|x86.Build.0 = Release|Any CPU
		{16C16BF3-D1CB-4034-B984-532319E6034B}.Debug|Any CPU.ActiveCfg = Debug|Any CPU
		{16C16BF3-D1CB-4034-B984-532319E6034B}.Debug|Any CPU.Build.0 = Debug|Any CPU
		{16C16BF3-D1CB-4034-B984-532319E6034B}.Debug|x64.ActiveCfg = Debug|Any CPU
		{16C16BF3-D1CB-4034-B984-532319E6034B}.Debug|x64.Build.0 = Debug|Any CPU
		{16C16BF3-D1CB-4034-B984-532319E6034B}.Debug|x86.ActiveCfg = Debug|Any CPU
		{16C16BF3-D1CB-4034-B984-532319E6034B}.Debug|x86.Build.0 = Debug|Any CPU
		{16C16BF3-D1CB-4034-B984-532319E6034B}.Release|Any CPU.ActiveCfg = Release|Any CPU
		{16C16BF3-D1CB-4034-B984-532319E6034B}.Release|Any CPU.Build.0 = Release|Any CPU
		{16C16BF3-D1CB-4034-B984-532319E6034B}.Release|x64.ActiveCfg = Release|Any CPU
		{16C16BF3-D1CB-4034-B984-532319E6034B}.Release|x64.Build.0 = Release|Any CPU
		{16C16BF3-D1CB-4034-B984-532319E6034B}.Release|x86.ActiveCfg = Release|Any CPU
		{16C16BF3-D1CB-4034-B984-532319E6034B}.Release|x86.Build.0 = Release|Any CPU
		{97310F96-4E82-40CE-B50A-D3C55A3B5574}.Debug|Any CPU.ActiveCfg = Debug|Any CPU
		{97310F96-4E82-40CE-B50A-D3C55A3B5574}.Debug|Any CPU.Build.0 = Debug|Any CPU
		{97310F96-4E82-40CE-B50A-D3C55A3B5574}.Debug|x64.ActiveCfg = Debug|Any CPU
		{97310F96-4E82-40CE-B50A-D3C55A3B5574}.Debug|x64.Build.0 = Debug|Any CPU
		{97310F96-4E82-40CE-B50A-D3C55A3B5574}.Debug|x86.ActiveCfg = Debug|Any CPU
		{97310F96-4E82-40CE-B50A-D3C55A3B5574}.Debug|x86.Build.0 = Debug|Any CPU
		{97310F96-4E82-40CE-B50A-D3C55A3B5574}.Release|Any CPU.ActiveCfg = Release|Any CPU
		{97310F96-4E82-40CE-B50A-D3C55A3B5574}.Release|Any CPU.Build.0 = Release|Any CPU
		{97310F96-4E82-40CE-B50A-D3C55A3B5574}.Release|x64.ActiveCfg = Release|Any CPU
		{97310F96-4E82-40CE-B50A-D3C55A3B5574}.Release|x64.Build.0 = Release|Any CPU
		{97310F96-4E82-40CE-B50A-D3C55A3B5574}.Release|x86.ActiveCfg = Release|Any CPU
		{97310F96-4E82-40CE-B50A-D3C55A3B5574}.Release|x86.Build.0 = Release|Any CPU
		{E9FB3515-A41E-4B60-B04B-C3D1D25AEE6C}.Debug|Any CPU.ActiveCfg = Debug|Any CPU
		{E9FB3515-A41E-4B60-B04B-C3D1D25AEE6C}.Debug|Any CPU.Build.0 = Debug|Any CPU
		{E9FB3515-A41E-4B60-B04B-C3D1D25AEE6C}.Debug|x64.ActiveCfg = Debug|Any CPU
		{E9FB3515-A41E-4B60-B04B-C3D1D25AEE6C}.Debug|x64.Build.0 = Debug|Any CPU
		{E9FB3515-A41E-4B60-B04B-C3D1D25AEE6C}.Debug|x86.ActiveCfg = Debug|Any CPU
		{E9FB3515-A41E-4B60-B04B-C3D1D25AEE6C}.Debug|x86.Build.0 = Debug|Any CPU
		{E9FB3515-A41E-4B60-B04B-C3D1D25AEE6C}.Release|Any CPU.ActiveCfg = Release|Any CPU
		{E9FB3515-A41E-4B60-B04B-C3D1D25AEE6C}.Release|Any CPU.Build.0 = Release|Any CPU
		{E9FB3515-A41E-4B60-B04B-C3D1D25AEE6C}.Release|x64.ActiveCfg = Release|Any CPU
		{E9FB3515-A41E-4B60-B04B-C3D1D25AEE6C}.Release|x64.Build.0 = Release|Any CPU
		{E9FB3515-A41E-4B60-B04B-C3D1D25AEE6C}.Release|x86.ActiveCfg = Release|Any CPU
		{E9FB3515-A41E-4B60-B04B-C3D1D25AEE6C}.Release|x86.Build.0 = Release|Any CPU
	EndGlobalSection
	GlobalSection(SolutionProperties) = preSolution
		HideSolutionNode = FALSE
	EndGlobalSection
	GlobalSection(NestedProjects) = preSolution
		{6D9D5415-0D33-4FA2-9E1A-C12602BB1692} = {827E0CD3-B72D-47B6-A68D-7590B98EB39B}
		{5A795CFB-7F16-4B0F-9066-EE6F11CA68F1} = {827E0CD3-B72D-47B6-A68D-7590B98EB39B}
		{65ABFB5D-2B10-DF64-BF12-C17976F8E5D9} = {827E0CD3-B72D-47B6-A68D-7590B98EB39B}
		{64E37504-BC05-44F2-BA9A-E2229A183F05} = {65ABFB5D-2B10-DF64-BF12-C17976F8E5D9}
		{806DD2E8-E980-4D2E-89D4-0FCCE4FAACF6} = {65ABFB5D-2B10-DF64-BF12-C17976F8E5D9}
		{A3B0A3F6-46F8-4D60-8C91-0765E5CE0288} = {65ABFB5D-2B10-DF64-BF12-C17976F8E5D9}
		{97830625-7DCC-EE59-2FFC-AD1F0F41B8AB} = {827E0CD3-B72D-47B6-A68D-7590B98EB39B}
		{FDF9DF88-E4C1-4B64-A258-2F37D540E8A8} = {97830625-7DCC-EE59-2FFC-AD1F0F41B8AB}
		{7136398D-FE75-4BEF-BAFC-9C7396A06EAF} = {97830625-7DCC-EE59-2FFC-AD1F0F41B8AB}
		{46202D4D-F97C-4EB4-A4A7-9DEAD989AADD} = {97830625-7DCC-EE59-2FFC-AD1F0F41B8AB}
		{45BE73D8-A922-BF65-E93E-EB66F4095ABC} = {827E0CD3-B72D-47B6-A68D-7590B98EB39B}
		{024E2BDE-2D97-4C78-AE5B-D6C2CD2BF1C8} = {45BE73D8-A922-BF65-E93E-EB66F4095ABC}
		{99439BE6-C857-4A96-8ABF-BF5A91F43728} = {45BE73D8-A922-BF65-E93E-EB66F4095ABC}
		{E0BB16EA-3DEA-4EE5-858D-AC2D1CDDDE20} = {45BE73D8-A922-BF65-E93E-EB66F4095ABC}
		{FF0E3929-CBDF-D101-A636-4697F11DEC78} = {827E0CD3-B72D-47B6-A68D-7590B98EB39B}
		{F7E72F41-7685-4A6C-B715-326AA2FD4DBF} = {FF0E3929-CBDF-D101-A636-4697F11DEC78}
		{365CC6E3-F1AC-4A01-B072-CF1CA84FE34A} = {FF0E3929-CBDF-D101-A636-4697F11DEC78}
		{FDB16534-D4AE-47DC-84AC-F7298B6333E4} = {FF0E3929-CBDF-D101-A636-4697F11DEC78}
		{358900C1-F9F2-8F27-3088-E3D768979B57} = {827E0CD3-B72D-47B6-A68D-7590B98EB39B}
		{0148608A-8944-4F7C-8682-BA06626480D0} = {358900C1-F9F2-8F27-3088-E3D768979B57}
		{5EDFC958-3797-486B-A65F-AC312FB7E775} = {358900C1-F9F2-8F27-3088-E3D768979B57}
		{65C49EAD-BDC9-4370-BEE8-4E9915E1428E} = {358900C1-F9F2-8F27-3088-E3D768979B57}
		{A504C204-FD22-942F-D65C-55CCF1DF20A3} = {827E0CD3-B72D-47B6-A68D-7590B98EB39B}
		{05157FE7-ECE8-4AFB-A692-AF33CA0F8698} = {A504C204-FD22-942F-D65C-55CCF1DF20A3}
		{9F8021C5-286E-418A-B5B9-29E7FA85E58F} = {A504C204-FD22-942F-D65C-55CCF1DF20A3}
		{DA9B2A90-35C9-40EC-8124-23EB6C7D8021} = {A504C204-FD22-942F-D65C-55CCF1DF20A3}
		{E977BE3B-8388-8DF4-CE75-4B9DD4E5640D} = {827E0CD3-B72D-47B6-A68D-7590B98EB39B}
		{461D3AF6-C824-4243-8144-B097E3076D09} = {E977BE3B-8388-8DF4-CE75-4B9DD4E5640D}
		{16C16BF3-D1CB-4034-B984-532319E6034B} = {E977BE3B-8388-8DF4-CE75-4B9DD4E5640D}
		{97310F96-4E82-40CE-B50A-D3C55A3B5574} = {E977BE3B-8388-8DF4-CE75-4B9DD4E5640D}
		{E9FB3515-A41E-4B60-B04B-C3D1D25AEE6C} = {45BE73D8-A922-BF65-E93E-EB66F4095ABC}
	EndGlobalSection
	GlobalSection(ExtensibilityGlobals) = postSolution
		SolutionGuid = {65545212-E0D0-4776-91B9-558CA6B7291D}
	EndGlobalSection
EndGlobal
